{
  "name": "starknet-learn",
  "version": "1.0.0",
  "lockfileVersion": 2,
  "requires": true,
  "packages": {
    "": {
      "name": "starknet-learn",
      "version": "1.0.0",
      "license": "ISC",
      "devDependencies": {
        "cairo-lang": "^1.0.1"
      }
    },
    "node_modules/cairo-lang": {
      "version": "1.0.1",
      "resolved": "https://registry.npmjs.org/cairo-lang/-/cairo-lang-1.0.1.tgz",
      "integrity": "sha512-fwLLHG8WEBwcQGswV35Qg0boz4nboxBwrRtzPSvspwYHfuwm8REWOokCMsJzEBF/lbaD1tgzBVDAYbc34+2Xaw==",
      "dev": true
    }
  },
  "dependencies": {
    "cairo-lang": {
      "version": "1.0.1",
      "resolved": "https://registry.npmjs.org/cairo-lang/-/cairo-lang-1.0.1.tgz",
      "integrity": "sha512-fwLLHG8WEBwcQGswV35Qg0boz4nboxBwrRtzPSvspwYHfuwm8REWOokCMsJzEBF/lbaD1tgzBVDAYbc34+2Xaw==",
      "dev": true
    }
  }
}
